<?xml version="1.0" encoding="utf-8"?>
<Project ToolsVersion="4.0" xmlns="http://schemas.microsoft.com/developer/msbuild/2003">
  <ItemGroup>
    <Filter Include="Source Files">
      <UniqueIdentifier>{4FC737F1-C7A5-4376-A066-2A32D752A2FF}</UniqueIdentifier>
      <Extensions>cpp;c;cc;cxx;def;odl;idl;hpj;bat;asm;asmx</Extensions>
    </Filter>
    <Filter Include="Header Files">
      <UniqueIdentifier>{93995380-89BD-4b04-88EB-625FBE52EBFB}</UniqueIdentifier>
      <Extensions>h;hh;hpp;hxx;hm;inl;inc;xsd</Extensions>
    </Filter>
    <Filter Include="Resource Files">
      <UniqueIdentifier>{67DA6AB6-F800-4c08-8B7A-83BB121AAD01}</UniqueIdentifier>
      <Extensions>rc;ico;cur;bmp;dlg;rc2;rct;bin;rgs;gif;jpg;jpeg;jpe;resx;tiff;tif;png;wav;mfcribbon-ms</Extensions>
    </Filter>
  </ItemGroup>
  <ItemGroup>
    <ClCompile Include="main.cpp">
      <Filter>Source Files</Filter>
    </ClCompile>
    <ClCompile Include="Card.cpp">
      <Filter>Source Files</Filter>
    </ClCompile>
    <ClCompile Include="CardsSet.cpp">
      <Filter>Source Files</Filter>
    </ClCompile>
    <ClCompile Include="GameProc.cpp">
      <Filter>Source Files</Filter>
    </ClCompile>
    <ClCompile Include="PlayerCS.cpp">
      <Filter>Source Files</Filter>
    </ClCompile>
    <ClCompile Include="BotCS.cpp">
      <Filter>Source Files</Filter>
    </ClCompile>
    <ClCompile Include="ColodaCS.cpp">
      <Filter>Source Files</Filter>
    </ClCompile>
    <ClCompile Include="TableTossCS.cpp">
      <Filter>Source Files</Filter>
    </ClCompile>
    <ClCompile Include="TableBeatingCS.cpp">
      <Filter>Source Files</Filter>
    </ClCompile>
    <ClCompile Include="Kozir.cpp">
      <Filter>Source Files</Filter>
    </ClCompile>
    <ClCompile Include="ClickedCard.cpp">
      <Filter>Source Files</Filter>
    </ClCompile>
    <ClCompile Include="CardsBackCS.cpp">
      <Filter>Source Files</Filter>
    </ClCompile>
    <ClCompile Include="uLose.cpp">
      <Filter>Source Files</Filter>
    </ClCompile>
    <ClCompile Include="uWon.cpp">
      <Filter>Source Files</Filter>
    </ClCompile>
    <ClCompile Include="Menu.cpp">
      <Filter>Source Files</Filter>
    </ClCompile>
    <ClCompile Include="GameProcM.cpp">
      <Filter>Source Files</Filter>
    </ClCompile>
    <ClCompile Include="NumOfColoda.cpp">
      <Filter>Source Files</Filter>
    </ClCompile>
    <ClCompile Include="TimerT.cpp">
      <Filter>Source Files</Filter>
    </ClCompile>
    <ClCompile Include="Options.cpp">
      <Filter>Source Files</Filter>
    </ClCompile>
  </ItemGroup>
  <ItemGroup>
    <ClInclude Include="Header.h">
      <Filter>Header Files</Filter>
    </ClInclude>
    <ClInclude Include="Card.h">
      <Filter>Header Files</Filter>
    </ClInclude>
    <ClInclude Include="CardsSet.h">
      <Filter>Header Files</Filter>
    </ClInclude>
    <ClInclude Include="GameProc.h">
      <Filter>Header Files</Filter>
    </ClInclude>
    <ClInclude Include="PlayerCS.h">
      <Filter>Header Files</Filter>
    </ClInclude>
    <ClInclude Include="BotCS.h">
      <Filter>Header Files</Filter>
    </ClInclude>
    <ClInclude Include="ColodaCS.h">
      <Filter>Header Files</Filter>
    </ClInclude>
    <ClInclude Include="TableTossCS.h">
      <Filter>Header Files</Filter>
    </ClInclude>
    <ClInclude Include="TableBeatingCS.h">
      <Filter>Header Files</Filter>
    </ClInclude>
    <ClInclude Include="Kozir.h">
      <Filter>Header Files</Filter>
    </ClInclude>
    <ClInclude Include="ClickedCard.h">
      <Filter>Header Files</Filter>
    </ClInclude>
    <ClInclude Include="CardsBackCS.h">
      <Filter>Header Files</Filter>
    </ClInclude>
    <ClInclude Include="uLose.h">
      <Filter>Header Files</Filter>
    </ClInclude>
    <ClInclude Include="uWon.h">
      <Filter>Header Files</Filter>
    </ClInclude>
    <ClInclude Include="Menu.h">
      <Filter>Header Files</Filter>
    </ClInclude>
    <ClInclude Include="GameProcM.h">
      <Filter>Header Files</Filter>
    </ClInclude>
    <ClInclude Include="NumOfColoda.h">
      <Filter>Header Files</Filter>
    </ClInclude>
    <ClInclude Include="TimerT.h">
      <Filter>Header Files</Filter>
    </ClInclude>
    <ClInclude Include="Options.h">
      <Filter>Header Files</Filter>
    </ClInclude>
    <ClInclude Include="resource.h">
      <Filter>Header Files</Filter>
    </ClInclude>
    <ClInclude Include="resource1.h">
      <Filter>Header Files</Filter>
    </ClInclude>
    <ClInclude Include="resource2.h">
      <Filter>Header Files</Filter>
    </ClInclude>
    <ClInclude Include="resource3.h">
      <Filter>Header Files</Filter>
    </ClInclude>
    <ClInclude Include="resource4.h">
      <Filter>Header Files</Filter>
    </ClInclude>
  </ItemGroup>
  <ItemGroup>
    <ResourceCompile Include="Cards.rc">
      <Filter>Resource Files</Filter>
    </ResourceCompile>
  </ItemGroup>
  <ItemGroup>
    <None Include="ClassDiagram.cd">
      <Filter>Resource Files</Filter>
    </None>
  </ItemGroup>
</Project>